// !$*UTF8*$!
{
	archiveVersion = 1;
	classes = {
	};
	objectVersion = 50;
	objects = {

/* Begin PBXBuildFile section */
		03BFFEC185A041CFF58916B9 /* Pods_NokiaHUI.framework in Frameworks */ = {isa = PBXBuildFile; fileRef = 19AE511EA0F3F8EA5BB68637 /* Pods_NokiaHUI.framework */; };
		6D5A7CEB217BA65200078281 /* CenturyGothic.ttf in Resources */ = {isa = PBXBuildFile; fileRef = 6D5A7CE7217BA65200078281 /* CenturyGothic.ttf */; };
		6D5A7CEC217BA65200078281 /* CenturyGothic-BoldItalic.ttf in Resources */ = {isa = PBXBuildFile; fileRef = 6D5A7CE8217BA65200078281 /* CenturyGothic-BoldItalic.ttf */; };
		6D5A7CED217BA65200078281 /* CenturyGothic-Italic.ttf in Resources */ = {isa = PBXBuildFile; fileRef = 6D5A7CE9217BA65200078281 /* CenturyGothic-Italic.ttf */; };
		6D5A7CEE217BA65200078281 /* CenturyGothic-Bold.ttf in Resources */ = {isa = PBXBuildFile; fileRef = 6D5A7CEA217BA65200078281 /* CenturyGothic-Bold.ttf */; };
		6D5A7CF0217BB33100078281 /* Registration.swift in Sources */ = {isa = PBXBuildFile; fileRef = 6D5A7CEF217BB33100078281 /* Registration.swift */; };
		6D5A7CF2217BC2FC00078281 /* Book Antiqua.ttf in Resources */ = {isa = PBXBuildFile; fileRef = 6D5A7CF1217BC2FC00078281 /* Book Antiqua.ttf */; };
		6DB77684217B91DF007556AF /* AppDelegate.swift in Sources */ = {isa = PBXBuildFile; fileRef = 6DB77683217B91DF007556AF /* AppDelegate.swift */; };
		6DB77686217B91DF007556AF /* Auth.swift in Sources */ = {isa = PBXBuildFile; fileRef = 6DB77685217B91DF007556AF /* Auth.swift */; };
		6DB77689217B91DF007556AF /* Main.storyboard in Resources */ = {isa = PBXBuildFile; fileRef = 6DB77687217B91DF007556AF /* Main.storyboard */; };
		6DB7768B217B91E0007556AF /* Assets.xcassets in Resources */ = {isa = PBXBuildFile; fileRef = 6DB7768A217B91E0007556AF /* Assets.xcassets */; };
		6DB7768E217B91E0007556AF /* LaunchScreen.storyboard in Resources */ = {isa = PBXBuildFile; fileRef = 6DB7768C217B91E0007556AF /* LaunchScreen.storyboard */; };
/* End PBXBuildFile section */

/* Begin PBXFileReference section */
		19AE511EA0F3F8EA5BB68637 /* Pods_NokiaHUI.framework */ = {isa = PBXFileReference; explicitFileType = wrapper.framework; includeInIndex = 0; path = Pods_NokiaHUI.framework; sourceTree = BUILT_PRODUCTS_DIR; };
		6D5A7CE7217BA65200078281 /* CenturyGothic.ttf */ = {isa = PBXFileReference; lastKnownFileType = file; name = CenturyGothic.ttf; path = ../../../../Downloads/CenturyGothic/CenturyGothic.ttf; sourceTree = "<group>"; };
		6D5A7CE8217BA65200078281 /* CenturyGothic-BoldItalic.ttf */ = {isa = PBXFileReference; lastKnownFileType = file; name = "CenturyGothic-BoldItalic.ttf"; path = "../../../../Downloads/CenturyGothic/CenturyGothic-BoldItalic.ttf"; sourceTree = "<group>"; };
		6D5A7CE9217BA65200078281 /* CenturyGothic-Italic.ttf */ = {isa = PBXFileReference; lastKnownFileType = file; name = "CenturyGothic-Italic.ttf"; path = "../../../../Downloads/CenturyGothic/CenturyGothic-Italic.ttf"; sourceTree = "<group>"; };
		6D5A7CEA217BA65200078281 /* CenturyGothic-Bold.ttf */ = {isa = PBXFileReference; lastKnownFileType = file; name = "CenturyGothic-Bold.ttf"; path = "../../../../Downloads/CenturyGothic/CenturyGothic-Bold.ttf"; sourceTree = "<group>"; };
		6D5A7CEF217BB33100078281 /* Registration.swift */ = {isa = PBXFileReference; lastKnownFileType = sourcecode.swift; path = Registration.swift; sourceTree = "<group>"; };
		6D5A7CF1217BC2FC00078281 /* Book Antiqua.ttf */ = {isa = PBXFileReference; lastKnownFileType = file; name = "Book Antiqua.ttf"; path = "../../../../Downloads/Book Antiqua.ttf"; sourceTree = "<group>"; };
		6DB77680217B91DF007556AF /* NokiaHUI.app */ = {isa = PBXFileReference; explicitFileType = wrapper.application; includeInIndex = 0; path = NokiaHUI.app; sourceTree = BUILT_PRODUCTS_DIR; };
		6DB77683217B91DF007556AF /* AppDelegate.swift */ = {isa = PBXFileReference; lastKnownFileType = sourcecode.swift; path = AppDelegate.swift; sourceTree = "<group>"; };
		6DB77685217B91DF007556AF /* Auth.swift */ = {isa = PBXFileReference; lastKnownFileType = sourcecode.swift; path = Auth.swift; sourceTree = "<group>"; };
		6DB77688217B91DF007556AF /* Base */ = {isa = PBXFileReference; lastKnownFileType = file.storyboard; name = Base; path = Base.lproj/Main.storyboard; sourceTree = "<group>"; };
		6DB7768A217B91E0007556AF /* Assets.xcassets */ = {isa = PBXFileReference; lastKnownFileType = folder.assetcatalog; path = Assets.xcassets; sourceTree = "<group>"; };
		6DB7768D217B91E0007556AF /* Base */ = {isa = PBXFileReference; lastKnownFileType = file.storyboard; name = Base; path = Base.lproj/LaunchScreen.storyboard; sourceTree = "<group>"; };
		6DB7768F217B91E0007556AF /* Info.plist */ = {isa = PBXFileReference; lastKnownFileType = text.plist.xml; path = Info.plist; sourceTree = "<group>"; };
		7661DEB49F270EB3AC693A06 /* Pods-NokiaHUI.debug.xcconfig */ = {isa = PBXFileReference; includeInIndex = 1; lastKnownFileType = text.xcconfig; name = "Pods-NokiaHUI.debug.xcconfig"; path = "Pods/Target Support Files/Pods-NokiaHUI/Pods-NokiaHUI.debug.xcconfig"; sourceTree = "<group>"; };
		DD35D32C948A5C3CCD5FC701 /* Pods-NokiaHUI.release.xcconfig */ = {isa = PBXFileReference; includeInIndex = 1; lastKnownFileType = text.xcconfig; name = "Pods-NokiaHUI.release.xcconfig"; path = "Pods/Target Support Files/Pods-NokiaHUI/Pods-NokiaHUI.release.xcconfig"; sourceTree = "<group>"; };
/* End PBXFileReference section */

/* Begin PBXFrameworksBuildPhase section */
		6DB7767D217B91DF007556AF /* Frameworks */ = {
			isa = PBXFrameworksBuildPhase;
			buildActionMask = 2147483647;
			files = (
				03BFFEC185A041CFF58916B9 /* Pods_NokiaHUI.framework in Frameworks */,
			);
			runOnlyForDeploymentPostprocessing = 0;
		};
/* End PBXFrameworksBuildPhase section */

/* Begin PBXGroup section */
		6D5A7CE6217BA62E00078281 /* Fonts */ = {
			isa = PBXGroup;
			children = (
				6D5A7CF1217BC2FC00078281 /* Book Antiqua.ttf */,
				6D5A7CEA217BA65200078281 /* CenturyGothic-Bold.ttf */,
				6D5A7CE8217BA65200078281 /* CenturyGothic-BoldItalic.ttf */,
				6D5A7CE9217BA65200078281 /* CenturyGothic-Italic.ttf */,
				6D5A7CE7217BA65200078281 /* CenturyGothic.ttf */,
			);
			name = Fonts;
			path = "New Group";
			sourceTree = "<group>";
		};
		6DB77677217B91DE007556AF = {
			isa = PBXGroup;
			children = (
				6DB77682217B91DF007556AF /* NokiaHUI */,
				6DB77681217B91DF007556AF /* Products */,
				F60E606B1D24CC32E845497C /* Pods */,
				8748C30A6B709285AC092D42 /* Frameworks */,
			);
			sourceTree = "<group>";
		};
		6DB77681217B91DF007556AF /* Products */ = {
			isa = PBXGroup;
			children = (
				6DB77680217B91DF007556AF /* NokiaHUI.app */,
			);
			name = Products;
			sourceTree = "<group>";
		};
		6DB77682217B91DF007556AF /* NokiaHUI */ = {
			isa = PBXGroup;
			children = (
				6D5A7CE6217BA62E00078281 /* Fonts */,
				6DB77683217B91DF007556AF /* AppDelegate.swift */,
				6DB77685217B91DF007556AF /* Auth.swift */,
				6DB77687217B91DF007556AF /* Main.storyboard */,
				6DB7768A217B91E0007556AF /* Assets.xcassets */,
				6DB7768C217B91E0007556AF /* LaunchScreen.storyboard */,
				6DB7768F217B91E0007556AF /* Info.plist */,
				6D5A7CEF217BB33100078281 /* Registration.swift */,
			);
			path = NokiaHUI;
			sourceTree = "<group>";
		};
		8748C30A6B709285AC092D42 /* Frameworks */ = {
			isa = PBXGroup;
			children = (
				19AE511EA0F3F8EA5BB68637 /* Pods_NokiaHUI.framework */,
			);
			name = Frameworks;
			sourceTree = "<group>";
		};
		F60E606B1D24CC32E845497C /* Pods */ = {
			isa = PBXGroup;
			children = (
				7661DEB49F270EB3AC693A06 /* Pods-NokiaHUI.debug.xcconfig */,
				DD35D32C948A5C3CCD5FC701 /* Pods-NokiaHUI.release.xcconfig */,
			);
			name = Pods;
			sourceTree = "<group>";
		};
/* End PBXGroup section */

/* Begin PBXNativeTarget section */
		6DB7767F217B91DF007556AF /* NokiaHUI */ = {
			isa = PBXNativeTarget;
			buildConfigurationList = 6DB77692217B91E0007556AF /* Build configuration list for PBXNativeTarget "NokiaHUI" */;
			buildPhases = (
				33448A662EBFF269BAC2660E /* [CP] Check Pods Manifest.lock */,
				6DB7767C217B91DF007556AF /* Sources */,
				6DB7767D217B91DF007556AF /* Frameworks */,
				6DB7767E217B91DF007556AF /* Resources */,
				1E6539178C24C41D491CE911 /* [CP] Embed Pods Frameworks */,
			);
			buildRules = (
			);
			dependencies = (
			);
			name = NokiaHUI;
			productName = NokiaHUI;
			productReference = 6DB77680217B91DF007556AF /* NokiaHUI.app */;
			productType = "com.apple.product-type.application";
		};
/* End PBXNativeTarget section */

/* Begin PBXProject section */
		6DB77678217B91DE007556AF /* Project object */ = {
			isa = PBXProject;
			attributes = {
				LastSwiftUpdateCheck = 1000;
				LastUpgradeCheck = 1000;
				ORGANIZATIONNAME = "Mikhail Ivanov";
				TargetAttributes = {
					6DB7767F217B91DF007556AF = {
						CreatedOnToolsVersion = 10.0;
					};
				};
			};
			buildConfigurationList = 6DB7767B217B91DE007556AF /* Build configuration list for PBXProject "NokiaHUI" */;
			compatibilityVersion = "Xcode 9.3";
			developmentRegion = en;
			hasScannedForEncodings = 0;
			knownRegions = (
				en,
				Base,
			);
			mainGroup = 6DB77677217B91DE007556AF;
			productRefGroup = 6DB77681217B91DF007556AF /* Products */;
			projectDirPath = "";
			projectRoot = "";
			targets = (
				6DB7767F217B91DF007556AF /* NokiaHUI */,
			);
		};
/* End PBXProject section */

/* Begin PBXResourcesBuildPhase section */
		6DB7767E217B91DF007556AF /* Resources */ = {
			isa = PBXResourcesBuildPhase;
			buildActionMask = 2147483647;
			files = (
				6D5A7CF2217BC2FC00078281 /* Book Antiqua.ttf in Resources */,
				6DB7768E217B91E0007556AF /* LaunchScreen.storyboard in Resources */,
				6D5A7CED217BA65200078281 /* CenturyGothic-Italic.ttf in Resources */,
				6D5A7CEB217BA65200078281 /* CenturyGothic.ttf in Resources */,
				6DB7768B217B91E0007556AF /* Assets.xcassets in Resources */,
				6DB77689217B91DF007556AF /* Main.storyboard in Resources */,
				6D5A7CEC217BA65200078281 /* CenturyGothic-BoldItalic.ttf in Resources */,
				6D5A7CEE217BA65200078281 /* CenturyGothic-Bold.ttf in Resources */,
			);
			runOnlyForDeploymentPostprocessing = 0;
		};
/* End PBXResourcesBuildPhase section */

/* Begin PBXShellScriptBuildPhase section */
		1E6539178C24C41D491CE911 /* [CP] Embed Pods Frameworks */ = {
			isa = PBXShellScriptBuildPhase;
			buildActionMask = 2147483647;
			files = (
			);
			inputFileListPaths = (
			);
			inputPaths = (
				"${SRCROOT}/Pods/Target Support Files/Pods-NokiaHUI/Pods-NokiaHUI-frameworks.sh",
				"${BUILT_PRODUCTS_DIR}/Alamofire/Alamofire.framework",
			);
			name = "[CP] Embed Pods Frameworks";
			outputFileListPaths = (
			);
			outputPaths = (
				"${TARGET_BUILD_DIR}/${FRAMEWORKS_FOLDER_PATH}/Alamofire.framework",
			);
			runOnlyForDeploymentPostprocessing = 0;
			shellPath = /bin/sh;
			shellScript = "\"${SRCROOT}/Pods/Target Support Files/Pods-NokiaHUI/Pods-NokiaHUI-frameworks.sh\"\n";
			showEnvVarsInLog = 0;
		};
		33448A662EBFF269BAC2660E /* [CP] Check Pods Manifest.lock */ = {
			isa = PBXShellScriptBuildPhase;
			buildActionMask = 2147483647;
			files = (
			);
			inputFileListPaths = (
			);
			inputPaths = (
				"${PODS_PODFILE_DIR_PATH}/Podfile.lock",
				"${PODS_ROOT}/Manifest.lock",
			);
			name = "[CP] Check Pods Manifest.lock";
			outputFileListPaths = (
			);
			outputPaths = (
				"$(DERIVED_FILE_DIR)/Pods-NokiaHUI-checkManifestLockResult.txt",
			);
			runOnlyForDeploymentPostprocessing = 0;
			shellPath = /bin/sh;
			shellScript = "diff \"${PODS_PODFILE_DIR_PATH}/Podfile.lock\" \"${PODS_ROOT}/Manifest.lock\" > /dev/null\nif [ $? != 0 ] ; then\n    # print error to STDERR\n    echo \"error: The sandbox is not in sync with the Podfile.lock. Run 'pod install' or update your CocoaPods installation.\" >&2\n    exit 1\nfi\n# This output is used by Xcode 'outputs' to avoid re-running this script phase.\necho \"SUCCESS\" > \"${SCRIPT_OUTPUT_FILE_0}\"\n";
			showEnvVarsInLog = 0;
		};
/* End PBXShellScriptBuildPhase section */

/* Begin PBXSourcesBuildPhase section */
		6DB7767C217B91DF007556AF /* Sources */ = {
			isa = PBXSourcesBuildPhase;
			buildActionMask = 2147483647;
			files = (
				6DB77686217B91DF007556AF /* Auth.swift in Sources */,
				6D5A7CF0217BB33100078281 /* Registration.swift in Sources */,
				6DB77684217B91DF007556AF /* AppDelegate.swift in Sources */,
			);
			runOnlyForDeploymentPostprocessing = 0;
		};
/* End PBXSourcesBuildPhase section */

/* Begin PBXVariantGroup section */
		6DB77687217B91DF007556AF /* Main.storyboard */ = {
			isa = PBXVariantGroup;
			children = (
				6DB77688217B91DF007556AF /* Base */,
			);
			name = Main.storyboard;
			sourceTree = "<group>";
		};
		6DB7768C217B91E0007556AF /* LaunchScreen.storyboard */ = {
			isa = PBXVariantGroup;
			children = (
				6DB7768D217B91E0007556AF /* Base */,
			);
			name = LaunchScreen.storyboard;
			sourceTree = "<group>";
		};
/* End PBXVariantGroup section */

/* Begin XCBuildConfiguration section */
		6DB77690217B91E0007556AF /* Debug */ = {
			isa = XCBuildConfiguration;
			buildSettings = {
				ALWAYS_SEARCH_USER_PATHS = NO;
				CLANG_ANALYZER_NONNULL = YES;
				CLANG_ANALYZER_NUMBER_OBJECT_CONVERSION = YES_AGGRESSIVE;
				CLANG_CXX_LANGUAGE_STANDARD = "gnu++14";
				CLANG_CXX_LIBRARY = "libc++";
				CLANG_ENABLE_MODULES = YES;
				CLANG_ENABLE_OBJC_ARC = YES;
				CLANG_ENABLE_OBJC_WEAK = YES;
				CLANG_WARN_BLOCK_CAPTURE_AUTORELEASING = YES;
				CLANG_WARN_BOOL_CONVERSION = YES;
				CLANG_WARN_COMMA = YES;
				CLANG_WARN_CONSTANT_CONVERSION = YES;
				CLANG_WARN_DEPRECATED_OBJC_IMPLEMENTATIONS = YES;
				CLANG_WARN_DIRECT_OBJC_ISA_USAGE = YES_ERROR;
				CLANG_WARN_DOCUMENTATION_COMMENTS = YES;
				CLANG_WARN_EMPTY_BODY = YES;
				CLANG_WARN_ENUM_CONVERSION = YES;
				CLANG_WARN_INFINITE_RECURSION = YES;
				CLANG_WARN_INT_CONVERSION = YES;
				CLANG_WARN_NON_LITERAL_NULL_CONVERSION = YES;
				CLANG_WARN_OBJC_IMPLICIT_RETAIN_SELF = YES;
				CLANG_WARN_OBJC_LITERAL_CONVERSION = YES;
				CLANG_WARN_OBJC_ROOT_CLASS = YES_ERROR;
				CLANG_WARN_RANGE_LOOP_ANALYSIS = YES;
				CLANG_WARN_STRICT_PROTOTYPES = YES;
				CLANG_WARN_SUSPICIOUS_MOVE = YES;
				CLANG_WARN_UNGUARDED_AVAILABILITY = YES_AGGRESSIVE;
				CLANG_WARN_UNREACHABLE_CODE = YES;
				CLANG_WARN__DUPLICATE_METHOD_MATCH = YES;
				CODE_SIGN_IDENTITY = "iPhone Developer";
				COPY_PHASE_STRIP = NO;
				DEBUG_INFORMATION_FORMAT = dwarf;
				ENABLE_STRICT_OBJC_MSGSEND = YES;
				ENABLE_TESTABILITY = YES;
				GCC_C_LANGUAGE_STANDARD = gnu11;
				GCC_DYNAMIC_NO_PIC = NO;
				GCC_NO_COMMON_BLOCKS = YES;
				GCC_OPTIMIZATION_LEVEL = 0;
				GCC_PREPROCESSOR_DEFINITIONS = (
					"DEBUG=1",
					"$(inherited)",
				);
				GCC_WARN_64_TO_32_BIT_CONVERSION = YES;
				GCC_WARN_ABOUT_RETURN_TYPE = YES_ERROR;
				GCC_WARN_UNDECLARED_SELECTOR = YES;
				GCC_WARN_UNINITIALIZED_AUTOS = YES_AGGRESSIVE;
				GCC_WARN_UNUSED_FUNCTION = YES;
				GCC_WARN_UNUSED_VARIABLE = YES;
				IPHONEOS_DEPLOYMENT_TARGET = 12.0;
				MTL_ENABLE_DEBUG_INFO = INCLUDE_SOURCE;
				MTL_FAST_MATH = YES;
				ONLY_ACTIVE_ARCH = YES;
				SDKROOT = iphoneos;
				SWIFT_ACTIVE_COMPILATION_CONDITIONS = DEBUG;
				SWIFT_OPTIMIZATION_LEVEL = "-Onone";
			};
			name = Debug;
		};
		6DB77691217B91E0007556AF /* Release */ = {
			isa = XCBuildConfiguration;
			buildSettings = {
				ALWAYS_SEARCH_USER_PATHS = NO;
				CLANG_ANALYZER_NONNULL = YES;
				CLANG_ANALYZER_NUMBER_OBJECT_CONVERSION = YES_AGGRESSIVE;
				CLANG_CXX_LANGUAGE_STANDARD = "gnu++14";
				CLANG_CXX_LIBRARY = "libc++";
				CLANG_ENABLE_MODULES = YES;
				CLANG_ENABLE_OBJC_ARC = YES;
				CLANG_ENABLE_OBJC_WEAK = YES;
				CLANG_WARN_BLOCK_CAPTURE_AUTORELEASING = YES;
				CLANG_WARN_BOOL_CONVERSION = YES;
				CLANG_WARN_COMMA = YES;
				CLANG_WARN_CONSTANT_CONVERSION = YES;
				CLANG_WARN_DEPRECATED_OBJC_IMPLEMENTATIONS = YES;
				CLANG_WARN_DIRECT_OBJC_ISA_USAGE = YES_ERROR;
				CLANG_WARN_DOCUMENTATION_COMMENTS = YES;
				CLANG_WARN_EMPTY_BODY = YES;
				CLANG_WARN_ENUM_CONVERSION = YES;
				CLANG_WARN_INFINITE_RECURSION = YES;
				CLANG_WARN_INT_CONVERSION = YES;
				CLANG_WARN_NON_LITERAL_NULL_CONVERSION = YES;
				CLANG_WARN_OBJC_IMPLICIT_RETAIN_SELF = YES;
				CLANG_WARN_OBJC_LITERAL_CONVERSION = YES;
				CLANG_WARN_OBJC_ROOT_CLASS = YES_ERROR;
				CLANG_WARN_RANGE_LOOP_ANALYSIS = YES;
				CLANG_WARN_STRICT_PROTOTYPES = YES;
				CLANG_WARN_SUSPICIOUS_MOVE = YES;
				CLANG_WARN_UNGUARDED_AVAILABILITY = YES_AGGRESSIVE;
				CLANG_WARN_UNREACHABLE_CODE = YES;
				CLANG_WARN__DUPLICATE_METHOD_MATCH = YES;
				CODE_SIGN_IDENTITY = "iPhone Developer";
				COPY_PHASE_STRIP = NO;
				DEBUG_INFORMATION_FORMAT = "dwarf-with-dsym";
				ENABLE_NS_ASSERTIONS = NO;
				ENABLE_STRICT_OBJC_MSGSEND = YES;
				GCC_C_LANGUAGE_STANDARD = gnu11;
				GCC_NO_COMMON_BLOCKS = YES;
				GCC_WARN_64_TO_32_BIT_CONVERSION = YES;
				GCC_WARN_ABOUT_RETURN_TYPE = YES_ERROR;
				GCC_WARN_UNDECLARED_SELECTOR = YES;
				GCC_WARN_UNINITIALIZED_AUTOS = YES_AGGRESSIVE;
				GCC_WARN_UNUSED_FUNCTION = YES;
				GCC_WARN_UNUSED_VARIABLE = YES;
				IPHONEOS_DEPLOYMENT_TARGET = 12.0;
				MTL_ENABLE_DEBUG_INFO = NO;
				MTL_FAST_MATH = YES;
				SDKROOT = iphoneos;
				SWIFT_COMPILATION_MODE = wholemodule;
				SWIFT_OPTIMIZATION_LEVEL = "-O";
				VALIDATE_PRODUCT = YES;
			};
			name = Release;
		};
		6DB77693217B91E0007556AF /* Debug */ = {
			isa = XCBuildConfiguration;
			baseConfigurationReference = 7661DEB49F270EB3AC693A06 /* Pods-NokiaHUI.debug.xcconfig */;
			buildSettings = {
				ASSETCATALOG_COMPILER_APPICON_NAME = AppIcon;
				CODE_SIGN_STYLE = Automatic;
				DEVELOPMENT_TEAM = ZBVHAA67XK;
				INFOPLIST_FILE = NokiaHUI/Info.plist;
				LD_RUNPATH_SEARCH_PATHS = (
					"$(inherited)",
					"@executable_path/Frameworks",
				);
				PRODUCT_BUNDLE_IDENTIFIER = ru.RealityShift.NokiaHUI;
				PRODUCT_NAME = "$(TARGET_NAME)";
				SWIFT_VERSION = 4.2;
				TARGETED_DEVICE_FAMILY = "1,2";
			};
			name = Debug;
		};
		6DB77694217B91E0007556AF /* Release */ = {
			isa = XCBuildConfiguration;
			baseConfigurationReference = DD35D32C948A5C3CCD5FC701 /* Pods-NokiaHUI.release.xcconfig */;
			buildSettings = {
				ASSETCATALOG_COMPILER_APPICON_NAME = AppIcon;
				CODE_SIGN_STYLE = Automatic;
				DEVELOPMENT_TEAM = ZBVHAA67XK;
				INFOPLIST_FILE = NokiaHUI/Info.plist;
				LD_RUNPATH_SEARCH_PATHS = (
					"$(inherited)",
					"@executable_path/Frameworks",
				);
				PRODUCT_BUNDLE_IDENTIFIER = ru.RealityShift.NokiaHUI;
				PRODUCT_NAME = "$(TARGET_NAME)";
				SWIFT_VERSION = 4.2;
				TARGETED_DEVICE_FAMILY = "1,2";
			};
			name = Release;
		};
/* End XCBuildConfiguration section */

/* Begin XCConfigurationList section */
		6DB7767B217B91DE007556AF /* Build configuration list for PBXProject "NokiaHUI" */ = {
			isa = XCConfigurationList;
			buildConfigurations = (
				6DB77690217B91E0007556AF /* Debug */,
				6DB77691217B91E0007556AF /* Release */,
			);
			defaultConfigurationIsVisible = 0;
			defaultConfigurationName = Release;
		};
		6DB77692217B91E0007556AF /* Build configuration list for PBXNativeTarget "NokiaHUI" */ = {
			isa = XCConfigurationList;
			buildConfigurations = (
				6DB77693217B91E0007556AF /* Debug */,
				6DB77694217B91E0007556AF /* Release */,
			);
			defaultConfigurationIsVisible = 0;
			defaultConfigurationName = Release;
		};
/* End XCConfigurationList section */
	};
	rootObject = 6DB77678217B91DE007556AF /* Project object */;
}
